
Microsoft Visual Studio Solution File, Format Version 12.00
# Visual Studio 15
VisualStudioVersion = 15.0.27703.2035
MinimumVisualStudioVersion = 10.0.40219.1
Project("{FAE04EC0-301F-11D3-BF4B-00C04F79EFBC}") = "NorthWeb", "NorthWeb\NorthWeb.csproj", "{DABBD71B-42A5-4451-99AF-8DF3F5551D37}"
EndProject
Global
	GlobalSection(SolutionConfigurationPlatforms) = preSolution
		Debug|Any CPU = Debug|Any CPU
		Release|Any CPU = Release|Any CPU
	EndGlobalSection
	GlobalSection(ProjectConfigurationPlatforms) = postSolution
		{DABBD71B-42A5-4451-99AF-8DF3F5551D37}.Debug|Any CPU.ActiveCfg = Debug|Any CPU
		{DABBD71B-42A5-4451-99AF-8DF3F5551D37}.Debug|Any CPU.Build.0 = Debug|Any CPU
		{DABBD71B-42A5-4451-99AF-8DF3F5551D37}.Release|Any CPU.ActiveCfg = Release|Any CPU
		{DABBD71B-42A5-4451-99AF-8DF3F5551D37}.Release|Any CPU.Build.0 = Release|Any CPU
	EndGlobalSection
	GlobalSection(SolutionProperties) = preSolution
		HideSolutionNode = FALSE
	EndGlobalSection
	GlobalSection(ExtensibilityGlobals) = postSolution
		SolutionGuid = {DC306155-C99E-4F03-BE80-09608A0BE895}
	EndGlobalSection
EndGlobal
